
Microsoft Visual Studio Solution File, Format Version 12.00
# Visual Studio Version 16
VisualStudioVersion = 16.0.31424.327
MinimumVisualStudioVersion = 10.0.40219.1
Project("{FAE04EC0-301F-11D3-BF4B-00C04F79EFBC}") = "ShopSales", "ShopSales\ShopSales.csproj", "{C53FC9D4-E975-4364-B44B-5F7BE044085C}"
EndProject
Global
	GlobalSection(SolutionConfigurationPlatforms) = preSolution
		Debug|Any CPU = Debug|Any CPU
		Release|Any CPU = Release|Any CPU
	EndGlobalSection
	GlobalSection(ProjectConfigurationPlatforms) = postSolution
		{C53FC9D4-E975-4364-B44B-5F7BE044085C}.Debug|Any CPU.ActiveCfg = Debug|Any CPU
		{C53FC9D4-E975-4364-B44B-5F7BE044085C}.Debug|Any CPU.Build.0 = Debug|Any CPU
		{C53FC9D4-E975-4364-B44B-5F7BE044085C}.Release|Any CPU.ActiveCfg = Release|Any CPU
		{C53FC9D4-E975-4364-B44B-5F7BE044085C}.Release|Any CPU.Build.0 = Release|Any CPU
	EndGlobalSection
	GlobalSection(SolutionProperties) = preSolution
		HideSolutionNode = FALSE
	EndGlobalSection
	GlobalSection(ExtensibilityGlobals) = postSolution
		SolutionGuid = {6ED7C727-7721-4EAB-8CA4-BC82D6B58862}
	EndGlobalSection
EndGlobal
